{
  "name": "@rbxts/wwww",
  "version": "1.0.0",
  "lockfileVersion": 2,
  "requires": true,
  "packages": {
    "": {
      "name": "@rbxts/wwww",
      "version": "1.0.0",
      "license": "ISC",
      "devDependencies": {
        "@rbxts/compiler-types": "^1.2.8-types.1",
        "@rbxts/types": "^1.0.571",
        "typescript": "^4.6.2"
      }
    },
    "node_modules/@rbxts/compiler-types": {
      "version": "1.2.8-types.1",
      "resolved": "https://registry.npmjs.org/@rbxts/compiler-types/-/compiler-types-1.2.8-types.1.tgz",
      "integrity": "sha512-lLcOa8OYJWtVnsYRrX6vc++B1fSVff979+sZ83Wo+Foa9YMf4kqcen/ydhUnu35qinggOYzyB8IUZ3qi7n5eBA==",
      "dev": true
    },
    "node_modules/@rbxts/types": {
      "version": "1.0.571",
      "resolved": "https://registry.npmjs.org/@rbxts/types/-/types-1.0.571.tgz",
      "integrity": "sha512-VKBktp/GefC8uHzzRhZJE8EhQw6Zq2oMzc8dlWoaj2xe6rT2bWllYg4pl7tuw29LjaUuIqWm0GUhbSqMiKmmaQ==",
      "dev": true
    },
    "node_modules/typescript": {
      "version": "4.6.2",
      "resolved": "https://registry.npmjs.org/typescript/-/typescript-4.6.2.tgz",
      "integrity": "sha512-HM/hFigTBHZhLXshn9sN37H085+hQGeJHJ/X7LpBWLID/fbc2acUMfU+lGD98X81sKP+pFa9f0DZmCwB9GnbAg==",
      "dev": true,
      "bin": {
        "tsc": "bin/tsc",
        "tsserver": "bin/tsserver"
      },
      "engines": {
        "node": ">=4.2.0"
      }
    }
  },
  "dependencies": {
    "@rbxts/compiler-types": {
      "version": "1.2.8-types.1",
      "resolved": "https://registry.npmjs.org/@rbxts/compiler-types/-/compiler-types-1.2.8-types.1.tgz",
      "integrity": "sha512-lLcOa8OYJWtVnsYRrX6vc++B1fSVff979+sZ83Wo+Foa9YMf4kqcen/ydhUnu35qinggOYzyB8IUZ3qi7n5eBA==",
      "dev": true
    },
    "@rbxts/types": {
      "version": "1.0.571",
      "resolved": "https://registry.npmjs.org/@rbxts/types/-/types-1.0.571.tgz",
      "integrity": "sha512-VKBktp/GefC8uHzzRhZJE8EhQw6Zq2oMzc8dlWoaj2xe6rT2bWllYg4pl7tuw29LjaUuIqWm0GUhbSqMiKmmaQ==",
      "dev": true
    },
    "typescript": {
      "version": "4.6.2",
      "resolved": "https://registry.npmjs.org/typescript/-/typescript-4.6.2.tgz",
      "integrity": "sha512-HM/hFigTBHZhLXshn9sN37H085+hQGeJHJ/X7LpBWLID/fbc2acUMfU+lGD98X81sKP+pFa9f0DZmCwB9GnbAg==",
      "dev": true
    }
  }
}
